Microsoft Visual Studio Solution File, Format Version 12.00
# Visual Studio Version 17
VisualStudioVersion = 17.5.2.0
MinimumVisualStudioVersion = 10.0.40219.1
Project("{FAE04EC0-301F-11D3-BF4B-00C04F79EFBC}") = "TvShop", "TvShop.csproj", "{FF55B027-91F5-620B-1020-7E0816DAB560}"
EndProject
Global
	GlobalSection(SolutionConfigurationPlatforms) = preSolution
		Debug|Any CPU = Debug|Any CPU
		Release|Any CPU = Release|Any CPU
	EndGlobalSection
	GlobalSection(ProjectConfigurationPlatforms) = postSolution
		{FF55B027-91F5-620B-1020-7E0816DAB560}.Debug|Any CPU.ActiveCfg = Debug|Any CPU
		{FF55B027-91F5-620B-1020-7E0816DAB560}.Debug|Any CPU.Build.0 = Debug|Any CPU
		{FF55B027-91F5-620B-1020-7E0816DAB560}.Release|Any CPU.ActiveCfg = Release|Any CPU
		{FF55B027-91F5-620B-1020-7E0816DAB560}.Release|Any CPU.Build.0 = Release|Any CPU
	EndGlobalSection
	GlobalSection(SolutionProperties) = preSolution
		HideSolutionNode = FALSE
	EndGlobalSection
	GlobalSection(ExtensibilityGlobals) = postSolution
		SolutionGuid = {00D2A655-15B5-4C4E-8272-DE33AFCACBE0}
	EndGlobalSection
EndGlobal
